
Microsoft Visual Studio Solution File, Format Version 12.00
# Visual Studio 15
VisualStudioVersion = 15.0.27703.2035
MinimumVisualStudioVersion = 10.0.40219.1
Project("{FAE04EC0-301F-11D3-BF4B-00C04F79EFBC}") = "ColoredLabetText.Android", "ColoredLabetText\ColoredLabetText.Android\ColoredLabetText.Android.csproj", "{1D8C43B0-1107-4C6D-BAF1-BFB15D7FEEC9}"
EndProject
Project("{FAE04EC0-301F-11D3-BF4B-00C04F79EFBC}") = "ColoredLabetText.iOS", "ColoredLabetText\ColoredLabetText.iOS\ColoredLabetText.iOS.csproj", "{57CBE964-63A1-45EF-B5AD-F29355428541}"
EndProject
Project("{FAE04EC0-301F-11D3-BF4B-00C04F79EFBC}") = "ColoredLabetText.UWP", "ColoredLabetText\ColoredLabetText.UWP\ColoredLabetText.UWP.csproj", "{1F06BCB3-1082-4F0E-887A-39C92887ADBD}"
EndProject
Project("{FAE04EC0-301F-11D3-BF4B-00C04F79EFBC}") = "ColoredLabetText", "ColoredLabetText\ColoredLabetText\ColoredLabetText.csproj", "{F11AF8F4-7953-4271-8021-F3355B55D896}"
EndProject
Global
	GlobalSection(SolutionConfigurationPlatforms) = preSolution
		Ad-Hoc|Any CPU = Ad-Hoc|Any CPU
		Ad-Hoc|ARM = Ad-Hoc|ARM
		Ad-Hoc|iPhone = Ad-Hoc|iPhone
		Ad-Hoc|iPhoneSimulator = Ad-Hoc|iPhoneSimulator
		Ad-Hoc|x64 = Ad-Hoc|x64
		Ad-Hoc|x86 = Ad-Hoc|x86
		AppStore|Any CPU = AppStore|Any CPU
		AppStore|ARM = AppStore|ARM
		AppStore|iPhone = AppStore|iPhone
		AppStore|iPhoneSimulator = AppStore|iPhoneSimulator
		AppStore|x64 = AppStore|x64
		AppStore|x86 = AppStore|x86
		Debug|Any CPU = Debug|Any CPU
		Debug|ARM = Debug|ARM
		Debug|iPhone = Debug|iPhone
		Debug|iPhoneSimulator = Debug|iPhoneSimulator
		Debug|x64 = Debug|x64
		Debug|x86 = Debug|x86
		Release|Any CPU = Release|Any CPU
		Release|ARM = Release|ARM
		Release|iPhone = Release|iPhone
		Release|iPhoneSimulator = Release|iPhoneSimulator
		Release|x64 = Release|x64
		Release|x86 = Release|x86
	EndGlobalSection
	GlobalSection(ProjectConfigurationPlatforms) = postSolution
		{1D8C43B0-1107-4C6D-BAF1-BFB15D7FEEC9}.Ad-Hoc|Any CPU.ActiveCfg = Release|Any CPU
		{1D8C43B0-1107-4C6D-BAF1-BFB15D7FEEC9}.Ad-Hoc|Any CPU.Build.0 = Release|Any CPU
		{1D8C43B0-1107-4C6D-BAF1-BFB15D7FEEC9}.Ad-Hoc|Any CPU.Deploy.0 = Release|Any CPU
		{1D8C43B0-1107-4C6D-BAF1-BFB15D7FEEC9}.Ad-Hoc|ARM.ActiveCfg = Release|Any CPU
		{1D8C43B0-1107-4C6D-BAF1-BFB15D7FEEC9}.Ad-Hoc|ARM.Build.0 = Release|Any CPU
		{1D8C43B0-1107-4C6D-BAF1-BFB15D7FEEC9}.Ad-Hoc|ARM.Deploy.0 = Release|Any CPU
		{1D8C43B0-1107-4C6D-BAF1-BFB15D7FEEC9}.Ad-Hoc|iPhone.ActiveCfg = Release|Any CPU
		{1D8C43B0-1107-4C6D-BAF1-BFB15D7FEEC9}.Ad-Hoc|iPhone.Build.0 = Release|Any CPU
		{1D8C43B0-1107-4C6D-BAF1-BFB15D7FEEC9}.Ad-Hoc|iPhone.Deploy.0 = Release|Any CPU
		{1D8C43B0-1107-4C6D-BAF1-BFB15D7FEEC9}.Ad-Hoc|iPhoneSimulator.ActiveCfg = Release|Any CPU
		{1D8C43B0-1107-4C6D-BAF1-BFB15D7FEEC9}.Ad-Hoc|iPhoneSimulator.Build.0 = Release|Any CPU
		{1D8C43B0-1107-4C6D-BAF1-BFB15D7FEEC9}.Ad-Hoc|iPhoneSimulator.Deploy.0 = Release|Any CPU
		{1D8C43B0-1107-4C6D-BAF1-BFB15D7FEEC9}.Ad-Hoc|x64.ActiveCfg = Release|Any CPU
		{1D8C43B0-1107-4C6D-BAF1-BFB15D7FEEC9}.Ad-Hoc|x64.Build.0 = Release|Any CPU
		{1D8C43B0-1107-4C6D-BAF1-BFB15D7FEEC9}.Ad-Hoc|x64.Deploy.0 = Release|Any CPU
		{1D8C43B0-1107-4C6D-BAF1-BFB15D7FEEC9}.Ad-Hoc|x86.ActiveCfg = Release|Any CPU
		{1D8C43B0-1107-4C6D-BAF1-BFB15D7FEEC9}.Ad-Hoc|x86.Build.0 = Release|Any CPU
		{1D8C43B0-1107-4C6D-BAF1-BFB15D7FEEC9}.Ad-Hoc|x86.Deploy.0 = Release|Any CPU
		{1D8C43B0-1107-4C6D-BAF1-BFB15D7FEEC9}.AppStore|Any CPU.ActiveCfg = Release|Any CPU
		{1D8C43B0-1107-4C6D-BAF1-BFB15D7FEEC9}.AppStore|Any CPU.Build.0 = Release|Any CPU
		{1D8C43B0-1107-4C6D-BAF1-BFB15D7FEEC9}.AppStore|Any CPU.Deploy.0 = Release|Any CPU
		{1D8C43B0-1107-4C6D-BAF1-BFB15D7FEEC9}.AppStore|ARM.ActiveCfg = Release|Any CPU
		{1D8C43B0-1107-4C6D-BAF1-BFB15D7FEEC9}.AppStore|ARM.Build.0 = Release|Any CPU
		{1D8C43B0-1107-4C6D-BAF1-BFB15D7FEEC9}.AppStore|ARM.Deploy.0 = Release|Any CPU
		{1D8C43B0-1107-4C6D-BAF1-BFB15D7FEEC9}.AppStore|iPhone.ActiveCfg = Release|Any CPU
		{1D8C43B0-1107-4C6D-BAF1-BFB15D7FEEC9}.AppStore|iPhone.Build.0 = Release|Any CPU
		{1D8C43B0-1107-4C6D-BAF1-BFB15D7FEEC9}.AppStore|iPhone.Deploy.0 = Release|Any CPU
		{1D8C43B0-1107-4C6D-BAF1-BFB15D7FEEC9}.AppStore|iPhoneSimulator.ActiveCfg = Release|Any CPU
		{1D8C43B0-1107-4C6D-BAF1-BFB15D7FEEC9}.AppStore|iPhoneSimulator.Build.0 = Release|Any CPU
		{1D8C43B0-1107-4C6D-BAF1-BFB15D7FEEC9}.AppStore|iPhoneSimulator.Deploy.0 = Release|Any CPU
		{1D8C43B0-1107-4C6D-BAF1-BFB15D7FEEC9}.AppStore|x64.ActiveCfg = Release|Any CPU
		{1D8C43B0-1107-4C6D-BAF1-BFB15D7FEEC9}.AppStore|x64.Build.0 = Release|Any CPU
		{1D8C43B0-1107-4C6D-BAF1-BFB15D7FEEC9}.AppStore|x64.Deploy.0 = Release|Any CPU
		{1D8C43B0-1107-4C6D-BAF1-BFB15D7FEEC9}.AppStore|x86.ActiveCfg = Release|Any CPU
		{1D8C43B0-1107-4C6D-BAF1-BFB15D7FEEC9}.AppStore|x86.Build.0 = Release|Any CPU
		{1D8C43B0-1107-4C6D-BAF1-BFB15D7FEEC9}.AppStore|x86.Deploy.0 = Release|Any CPU
		{1D8C43B0-1107-4C6D-BAF1-BFB15D7FEEC9}.Debug|Any CPU.ActiveCfg = Debug|Any CPU
		{1D8C43B0-1107-4C6D-BAF1-BFB15D7FEEC9}.Debug|Any CPU.Build.0 = Debug|Any CPU
		{1D8C43B0-1107-4C6D-BAF1-BFB15D7FEEC9}.Debug|Any CPU.Deploy.0 = Debug|Any CPU
		{1D8C43B0-1107-4C6D-BAF1-BFB15D7FEEC9}.Debug|ARM.ActiveCfg = Debug|Any CPU
		{1D8C43B0-1107-4C6D-BAF1-BFB15D7FEEC9}.Debug|ARM.Build.0 = Debug|Any CPU
		{1D8C43B0-1107-4C6D-BAF1-BFB15D7FEEC9}.Debug|ARM.Deploy.0 = Debug|Any CPU
		{1D8C43B0-1107-4C6D-BAF1-BFB15D7FEEC9}.Debug|iPhone.ActiveCfg = Debug|Any CPU
		{1D8C43B0-1107-4C6D-BAF1-BFB15D7FEEC9}.Debug|iPhone.Build.0 = Debug|Any CPU
		{1D8C43B0-1107-4C6D-BAF1-BFB15D7FEEC9}.Debug|iPhone.Deploy.0 = Debug|Any CPU
		{1D8C43B0-1107-4C6D-BAF1-BFB15D7FEEC9}.Debug|iPhoneSimulator.ActiveCfg = Debug|Any CPU
		{1D8C43B0-1107-4C6D-BAF1-BFB15D7FEEC9}.Debug|iPhoneSimulator.Build.0 = Debug|Any CPU
		{1D8C43B0-1107-4C6D-BAF1-BFB15D7FEEC9}.Debug|iPhoneSimulator.Deploy.0 = Debug|Any CPU
		{1D8C43B0-1107-4C6D-BAF1-BFB15D7FEEC9}.Debug|x64.ActiveCfg = Debug|Any CPU
		{1D8C43B0-1107-4C6D-BAF1-BFB15D7FEEC9}.Debug|x64.Build.0 = Debug|Any CPU
		{1D8C43B0-1107-4C6D-BAF1-BFB15D7FEEC9}.Debug|x64.Deploy.0 = Debug|Any CPU
		{1D8C43B0-1107-4C6D-BAF1-BFB15D7FEEC9}.Debug|x86.ActiveCfg = Debug|Any CPU
		{1D8C43B0-1107-4C6D-BAF1-BFB15D7FEEC9}.Debug|x86.Build.0 = Debug|Any CPU
		{1D8C43B0-1107-4C6D-BAF1-BFB15D7FEEC9}.Debug|x86.Deploy.0 = Debug|Any CPU
		{1D8C43B0-1107-4C6D-BAF1-BFB15D7FEEC9}.Release|Any CPU.ActiveCfg = Release|Any CPU
		{1D8C43B0-1107-4C6D-BAF1-BFB15D7FEEC9}.Release|Any CPU.Build.0 = Release|Any CPU
		{1D8C43B0-1107-4C6D-BAF1-BFB15D7FEEC9}.Release|Any CPU.Deploy.0 = Release|Any CPU
		{1D8C43B0-1107-4C6D-BAF1-BFB15D7FEEC9}.Release|ARM.ActiveCfg = Release|Any CPU
		{1D8C43B0-1107-4C6D-BAF1-BFB15D7FEEC9}.Release|ARM.Build.0 = Release|Any CPU
		{1D8C43B0-1107-4C6D-BAF1-BFB15D7FEEC9}.Release|ARM.Deploy.0 = Release|Any CPU
		{1D8C43B0-1107-4C6D-BAF1-BFB15D7FEEC9}.Release|iPhone.ActiveCfg = Release|Any CPU
		{1D8C43B0-1107-4C6D-BAF1-BFB15D7FEEC9}.Release|iPhone.Build.0 = Release|Any CPU
		{1D8C43B0-1107-4C6D-BAF1-BFB15D7FEEC9}.Release|iPhone.Deploy.0 = Release|Any CPU
		{1D8C43B0-1107-4C6D-BAF1-BFB15D7FEEC9}.Release|iPhoneSimulator.ActiveCfg = Release|Any CPU
		{1D8C43B0-1107-4C6D-BAF1-BFB15D7FEEC9}.Release|iPhoneSimulator.Build.0 = Release|Any CPU
		{1D8C43B0-1107-4C6D-BAF1-BFB15D7FEEC9}.Release|iPhoneSimulator.Deploy.0 = Release|Any CPU
		{1D8C43B0-1107-4C6D-BAF1-BFB15D7FEEC9}.Release|x64.ActiveCfg = Release|Any CPU
		{1D8C43B0-1107-4C6D-BAF1-BFB15D7FEEC9}.Release|x64.Build.0 = Release|Any CPU
		{1D8C43B0-1107-4C6D-BAF1-BFB15D7FEEC9}.Release|x64.Deploy.0 = Release|Any CPU
		{1D8C43B0-1107-4C6D-BAF1-BFB15D7FEEC9}.Release|x86.ActiveCfg = Release|Any CPU
		{1D8C43B0-1107-4C6D-BAF1-BFB15D7FEEC9}.Release|x86.Build.0 = Release|Any CPU
		{1D8C43B0-1107-4C6D-BAF1-BFB15D7FEEC9}.Release|x86.Deploy.0 = Release|Any CPU
		{57CBE964-63A1-45EF-B5AD-F29355428541}.Ad-Hoc|Any CPU.ActiveCfg = Ad-Hoc|iPhone
		{57CBE964-63A1-45EF-B5AD-F29355428541}.Ad-Hoc|Any CPU.Build.0 = Ad-Hoc|iPhone
		{57CBE964-63A1-45EF-B5AD-F29355428541}.Ad-Hoc|Any CPU.Deploy.0 = Ad-Hoc|iPhone
		{57CBE964-63A1-45EF-B5AD-F29355428541}.Ad-Hoc|ARM.ActiveCfg = Ad-Hoc|iPhone
		{57CBE964-63A1-45EF-B5AD-F29355428541}.Ad-Hoc|ARM.Build.0 = Ad-Hoc|iPhone
		{57CBE964-63A1-45EF-B5AD-F29355428541}.Ad-Hoc|ARM.Deploy.0 = Ad-Hoc|iPhone
		{57CBE964-63A1-45EF-B5AD-F29355428541}.Ad-Hoc|iPhone.ActiveCfg = Ad-Hoc|iPhone
		{57CBE964-63A1-45EF-B5AD-F29355428541}.Ad-Hoc|iPhone.Build.0 = Ad-Hoc|iPhone
		{57CBE964-63A1-45EF-B5AD-F29355428541}.Ad-Hoc|iPhone.Deploy.0 = Ad-Hoc|iPhone
		{57CBE964-63A1-45EF-B5AD-F29355428541}.Ad-Hoc|iPhoneSimulator.ActiveCfg = Ad-Hoc|iPhoneSimulator
		{57CBE964-63A1-45EF-B5AD-F29355428541}.Ad-Hoc|iPhoneSimulator.Build.0 = Ad-Hoc|iPhoneSimulator
		{57CBE964-63A1-45EF-B5AD-F29355428541}.Ad-Hoc|iPhoneSimulator.Deploy.0 = Ad-Hoc|iPhoneSimulator
		{57CBE964-63A1-45EF-B5AD-F29355428541}.Ad-Hoc|x64.ActiveCfg = Ad-Hoc|iPhone
		{57CBE964-63A1-45EF-B5AD-F29355428541}.Ad-Hoc|x64.Build.0 = Ad-Hoc|iPhone
		{57CBE964-63A1-45EF-B5AD-F29355428541}.Ad-Hoc|x64.Deploy.0 = Ad-Hoc|iPhone
		{57CBE964-63A1-45EF-B5AD-F29355428541}.Ad-Hoc|x86.ActiveCfg = Ad-Hoc|iPhone
		{57CBE964-63A1-45EF-B5AD-F29355428541}.Ad-Hoc|x86.Build.0 = Ad-Hoc|iPhone
		{57CBE964-63A1-45EF-B5AD-F29355428541}.Ad-Hoc|x86.Deploy.0 = Ad-Hoc|iPhone
		{57CBE964-63A1-45EF-B5AD-F29355428541}.AppStore|Any CPU.ActiveCfg = AppStore|iPhone
		{57CBE964-63A1-45EF-B5AD-F29355428541}.AppStore|Any CPU.Build.0 = AppStore|iPhone
		{57CBE964-63A1-45EF-B5AD-F29355428541}.AppStore|Any CPU.Deploy.0 = AppStore|iPhone
		{57CBE964-63A1-45EF-B5AD-F29355428541}.AppStore|ARM.ActiveCfg = AppStore|iPhone
		{57CBE964-63A1-45EF-B5AD-F29355428541}.AppStore|ARM.Build.0 = AppStore|iPhone
		{57CBE964-63A1-45EF-B5AD-F29355428541}.AppStore|ARM.Deploy.0 = AppStore|iPhone
		{57CBE964-63A1-45EF-B5AD-F29355428541}.AppStore|iPhone.ActiveCfg = AppStore|iPhone
		{57CBE964-63A1-45EF-B5AD-F29355428541}.AppStore|iPhone.Build.0 = AppStore|iPhone
		{57CBE964-63A1-45EF-B5AD-F29355428541}.AppStore|iPhone.Deploy.0 = AppStore|iPhone
		{57CBE964-63A1-45EF-B5AD-F29355428541}.AppStore|iPhoneSimulator.ActiveCfg = AppStore|iPhoneSimulator
		{57CBE964-63A1-45EF-B5AD-F29355428541}.AppStore|iPhoneSimulator.Build.0 = AppStore|iPhoneSimulator
		{57CBE964-63A1-45EF-B5AD-F29355428541}.AppStore|iPhoneSimulator.Deploy.0 = AppStore|iPhoneSimulator
		{57CBE964-63A1-45EF-B5AD-F29355428541}.AppStore|x64.ActiveCfg = AppStore|iPhone
		{57CBE964-63A1-45EF-B5AD-F29355428541}.AppStore|x64.Build.0 = AppStore|iPhone
		{57CBE964-63A1-45EF-B5AD-F29355428541}.AppStore|x64.Deploy.0 = AppStore|iPhone
		{57CBE964-63A1-45EF-B5AD-F29355428541}.AppStore|x86.ActiveCfg = AppStore|iPhone
		{57CBE964-63A1-45EF-B5AD-F29355428541}.AppStore|x86.Build.0 = AppStore|iPhone
		{57CBE964-63A1-45EF-B5AD-F29355428541}.AppStore|x86.Deploy.0 = AppStore|iPhone
		{57CBE964-63A1-45EF-B5AD-F29355428541}.Debug|Any CPU.ActiveCfg = Debug|iPhoneSimulator
		{57CBE964-63A1-45EF-B5AD-F29355428541}.Debug|Any CPU.Build.0 = Debug|iPhoneSimulator
		{57CBE964-63A1-45EF-B5AD-F29355428541}.Debug|Any CPU.Deploy.0 = Debug|iPhoneSimulator
		{57CBE964-63A1-45EF-B5AD-F29355428541}.Debug|ARM.ActiveCfg = Debug|iPhone
		{57CBE964-63A1-45EF-B5AD-F29355428541}.Debug|ARM.Build.0 = Debug|iPhone
		{57CBE964-63A1-45EF-B5AD-F29355428541}.Debug|ARM.Deploy.0 = Debug|iPhone
		{57CBE964-63A1-45EF-B5AD-F29355428541}.Debug|iPhone.ActiveCfg = Debug|iPhone
		{57CBE964-63A1-45EF-B5AD-F29355428541}.Debug|iPhone.Build.0 = Debug|iPhone
		{57CBE964-63A1-45EF-B5AD-F29355428541}.Debug|iPhone.Deploy.0 = Debug|iPhone
		{57CBE964-63A1-45EF-B5AD-F29355428541}.Debug|iPhoneSimulator.ActiveCfg = Debug|iPhoneSimulator
		{57CBE964-63A1-45EF-B5AD-F29355428541}.Debug|iPhoneSimulator.Build.0 = Debug|iPhoneSimulator
		{57CBE964-63A1-45EF-B5AD-F29355428541}.Debug|iPhoneSimulator.Deploy.0 = Debug|iPhoneSimulator
		{57CBE964-63A1-45EF-B5AD-F29355428541}.Debug|x64.ActiveCfg = Debug|iPhone
		{57CBE964-63A1-45EF-B5AD-F29355428541}.Debug|x64.Build.0 = Debug|iPhone
		{57CBE964-63A1-45EF-B5AD-F29355428541}.Debug|x64.Deploy.0 = Debug|iPhone
		{57CBE964-63A1-45EF-B5AD-F29355428541}.Debug|x86.ActiveCfg = Debug|iPhone
		{57CBE964-63A1-45EF-B5AD-F29355428541}.Debug|x86.Build.0 = Debug|iPhone
		{57CBE964-63A1-45EF-B5AD-F29355428541}.Debug|x86.Deploy.0 = Debug|iPhone
		{57CBE964-63A1-45EF-B5AD-F29355428541}.Release|Any CPU.ActiveCfg = Release|iPhone
		{57CBE964-63A1-45EF-B5AD-F29355428541}.Release|Any CPU.Build.0 = Release|iPhone
		{57CBE964-63A1-45EF-B5AD-F29355428541}.Release|Any CPU.Deploy.0 = Release|iPhone
		{57CBE964-63A1-45EF-B5AD-F29355428541}.Release|ARM.ActiveCfg = Release|iPhone
		{57CBE964-63A1-45EF-B5AD-F29355428541}.Release|ARM.Build.0 = Release|iPhone
		{57CBE964-63A1-45EF-B5AD-F29355428541}.Release|ARM.Deploy.0 = Release|iPhone
		{57CBE964-63A1-45EF-B5AD-F29355428541}.Release|iPhone.ActiveCfg = Release|iPhone
		{57CBE964-63A1-45EF-B5AD-F29355428541}.Release|iPhone.Build.0 = Release|iPhone
		{57CBE964-63A1-45EF-B5AD-F29355428541}.Release|iPhone.Deploy.0 = Release|iPhone
		{57CBE964-63A1-45EF-B5AD-F29355428541}.Release|iPhoneSimulator.ActiveCfg = Release|iPhoneSimulator
		{57CBE964-63A1-45EF-B5AD-F29355428541}.Release|iPhoneSimulator.Build.0 = Release|iPhoneSimulator
		{57CBE964-63A1-45EF-B5AD-F29355428541}.Release|iPhoneSimulator.Deploy.0 = Release|iPhoneSimulator
		{57CBE964-63A1-45EF-B5AD-F29355428541}.Release|x64.ActiveCfg = Release|iPhone
		{57CBE964-63A1-45EF-B5AD-F29355428541}.Release|x64.Build.0 = Release|iPhone
		{57CBE964-63A1-45EF-B5AD-F29355428541}.Release|x64.Deploy.0 = Release|iPhone
		{57CBE964-63A1-45EF-B5AD-F29355428541}.Release|x86.ActiveCfg = Release|iPhone
		{57CBE964-63A1-45EF-B5AD-F29355428541}.Release|x86.Build.0 = Release|iPhone
		{57CBE964-63A1-45EF-B5AD-F29355428541}.Release|x86.Deploy.0 = Release|iPhone
		{1F06BCB3-1082-4F0E-887A-39C92887ADBD}.Ad-Hoc|Any CPU.ActiveCfg = Release|x86
		{1F06BCB3-1082-4F0E-887A-39C92887ADBD}.Ad-Hoc|Any CPU.Build.0 = Release|x86
		{1F06BCB3-1082-4F0E-887A-39C92887ADBD}.Ad-Hoc|Any CPU.Deploy.0 = Release|x86
		{1F06BCB3-1082-4F0E-887A-39C92887ADBD}.Ad-Hoc|ARM.ActiveCfg = Release|ARM
		{1F06BCB3-1082-4F0E-887A-39C92887ADBD}.Ad-Hoc|ARM.Build.0 = Release|ARM
		{1F06BCB3-1082-4F0E-887A-39C92887ADBD}.Ad-Hoc|ARM.Deploy.0 = Release|ARM
		{1F06BCB3-1082-4F0E-887A-39C92887ADBD}.Ad-Hoc|iPhone.ActiveCfg = Release|x86
		{1F06BCB3-1082-4F0E-887A-39C92887ADBD}.Ad-Hoc|iPhone.Build.0 = Release|x86
		{1F06BCB3-1082-4F0E-887A-39C92887ADBD}.Ad-Hoc|iPhone.Deploy.0 = Release|x86
		{1F06BCB3-1082-4F0E-887A-39C92887ADBD}.Ad-Hoc|iPhoneSimulator.ActiveCfg = Release|x86
		{1F06BCB3-1082-4F0E-887A-39C92887ADBD}.Ad-Hoc|iPhoneSimulator.Build.0 = Release|x86
		{1F06BCB3-1082-4F0E-887A-39C92887ADBD}.Ad-Hoc|iPhoneSimulator.Deploy.0 = Release|x86
		{1F06BCB3-1082-4F0E-887A-39C92887ADBD}.Ad-Hoc|x64.ActiveCfg = Release|x64
		{1F06BCB3-1082-4F0E-887A-39C92887ADBD}.Ad-Hoc|x64.Build.0 = Release|x64
		{1F06BCB3-1082-4F0E-887A-39C92887ADBD}.Ad-Hoc|x64.Deploy.0 = Release|x64
		{1F06BCB3-1082-4F0E-887A-39C92887ADBD}.Ad-Hoc|x86.ActiveCfg = Release|x86
		{1F06BCB3-1082-4F0E-887A-39C92887ADBD}.Ad-Hoc|x86.Build.0 = Release|x86
		{1F06BCB3-1082-4F0E-887A-39C92887ADBD}.Ad-Hoc|x86.Deploy.0 = Release|x86
		{1F06BCB3-1082-4F0E-887A-39C92887ADBD}.AppStore|Any CPU.ActiveCfg = Release|x86
		{1F06BCB3-1082-4F0E-887A-39C92887ADBD}.AppStore|Any CPU.Build.0 = Release|x86
		{1F06BCB3-1082-4F0E-887A-39C92887ADBD}.AppStore|Any CPU.Deploy.0 = Release|x86
		{1F06BCB3-1082-4F0E-887A-39C92887ADBD}.AppStore|ARM.ActiveCfg = Release|ARM
		{1F06BCB3-1082-4F0E-887A-39C92887ADBD}.AppStore|ARM.Build.0 = Release|ARM
		{1F06BCB3-1082-4F0E-887A-39C92887ADBD}.AppStore|ARM.Deploy.0 = Release|ARM
		{1F06BCB3-1082-4F0E-887A-39C92887ADBD}.AppStore|iPhone.ActiveCfg = Release|x86
		{1F06BCB3-1082-4F0E-887A-39C92887ADBD}.AppStore|iPhone.Build.0 = Release|x86
		{1F06BCB3-1082-4F0E-887A-39C92887ADBD}.AppStore|iPhone.Deploy.0 = Release|x86
		{1F06BCB3-1082-4F0E-887A-39C92887ADBD}.AppStore|iPhoneSimulator.ActiveCfg = Release|x86
		{1F06BCB3-1082-4F0E-887A-39C92887ADBD}.AppStore|iPhoneSimulator.Build.0 = Release|x86
		{1F06BCB3-1082-4F0E-887A-39C92887ADBD}.AppStore|iPhoneSimulator.Deploy.0 = Release|x86
		{1F06BCB3-1082-4F0E-887A-39C92887ADBD}.AppStore|x64.ActiveCfg = Release|x64
		{1F06BCB3-1082-4F0E-887A-39C92887ADBD}.AppStore|x64.Build.0 = Release|x64
		{1F06BCB3-1082-4F0E-887A-39C92887ADBD}.AppStore|x64.Deploy.0 = Release|x64
		{1F06BCB3-1082-4F0E-887A-39C92887ADBD}.AppStore|x86.ActiveCfg = Release|x86
		{1F06BCB3-1082-4F0E-887A-39C92887ADBD}.AppStore|x86.Build.0 = Release|x86
		{1F06BCB3-1082-4F0E-887A-39C92887ADBD}.AppStore|x86.Deploy.0 = Release|x86
		{1F06BCB3-1082-4F0E-887A-39C92887ADBD}.Debug|Any CPU.ActiveCfg = Debug|x86
		{1F06BCB3-1082-4F0E-887A-39C92887ADBD}.Debug|Any CPU.Build.0 = Debug|x86
		{1F06BCB3-1082-4F0E-887A-39C92887ADBD}.Debug|Any CPU.Deploy.0 = Debug|x86
		{1F06BCB3-1082-4F0E-887A-39C92887ADBD}.Debug|ARM.ActiveCfg = Debug|ARM
		{1F06BCB3-1082-4F0E-887A-39C92887ADBD}.Debug|ARM.Build.0 = Debug|ARM
		{1F06BCB3-1082-4F0E-887A-39C92887ADBD}.Debug|ARM.Deploy.0 = Debug|ARM
		{1F06BCB3-1082-4F0E-887A-39C92887ADBD}.Debug|iPhone.ActiveCfg = Debug|x86
		{1F06BCB3-1082-4F0E-887A-39C92887ADBD}.Debug|iPhone.Build.0 = Debug|x86
		{1F06BCB3-1082-4F0E-887A-39C92887ADBD}.Debug|iPhone.Deploy.0 = Debug|x86
		{1F06BCB3-1082-4F0E-887A-39C92887ADBD}.Debug|iPhoneSimulator.ActiveCfg = Debug|x86
		{1F06BCB3-1082-4F0E-887A-39C92887ADBD}.Debug|iPhoneSimulator.Build.0 = Debug|x86
		{1F06BCB3-1082-4F0E-887A-39C92887ADBD}.Debug|iPhoneSimulator.Deploy.0 = Debug|x86
		{1F06BCB3-1082-4F0E-887A-39C92887ADBD}.Debug|x64.ActiveCfg = Debug|x64
		{1F06BCB3-1082-4F0E-887A-39C92887ADBD}.Debug|x64.Build.0 = Debug|x64
		{1F06BCB3-1082-4F0E-887A-39C92887ADBD}.Debug|x64.Deploy.0 = Debug|x64
		{1F06BCB3-1082-4F0E-887A-39C92887ADBD}.Debug|x86.ActiveCfg = Debug|x86
		{1F06BCB3-1082-4F0E-887A-39C92887ADBD}.Debug|x86.Build.0 = Debug|x86
		{1F06BCB3-1082-4F0E-887A-39C92887ADBD}.Debug|x86.Deploy.0 = Debug|x86
		{1F06BCB3-1082-4F0E-887A-39C92887ADBD}.Release|Any CPU.ActiveCfg = Release|x86
		{1F06BCB3-1082-4F0E-887A-39C92887ADBD}.Release|Any CPU.Build.0 = Release|x86
		{1F06BCB3-1082-4F0E-887A-39C92887ADBD}.Release|Any CPU.Deploy.0 = Release|x86
		{1F06BCB3-1082-4F0E-887A-39C92887ADBD}.Release|ARM.ActiveCfg = Release|ARM
		{1F06BCB3-1082-4F0E-887A-39C92887ADBD}.Release|ARM.Build.0 = Release|ARM
		{1F06BCB3-1082-4F0E-887A-39C92887ADBD}.Release|ARM.Deploy.0 = Release|ARM
		{1F06BCB3-1082-4F0E-887A-39C92887ADBD}.Release|iPhone.ActiveCfg = Release|x86
		{1F06BCB3-1082-4F0E-887A-39C92887ADBD}.Release|iPhone.Build.0 = Release|x86
		{1F06BCB3-1082-4F0E-887A-39C92887ADBD}.Release|iPhone.Deploy.0 = Release|x86
		{1F06BCB3-1082-4F0E-887A-39C92887ADBD}.Release|iPhoneSimulator.ActiveCfg = Release|x86
		{1F06BCB3-1082-4F0E-887A-39C92887ADBD}.Release|iPhoneSimulator.Build.0 = Release|x86
		{1F06BCB3-1082-4F0E-887A-39C92887ADBD}.Release|iPhoneSimulator.Deploy.0 = Release|x86
		{1F06BCB3-1082-4F0E-887A-39C92887ADBD}.Release|x64.ActiveCfg = Release|x64
		{1F06BCB3-1082-4F0E-887A-39C92887ADBD}.Release|x64.Build.0 = Release|x64
		{1F06BCB3-1082-4F0E-887A-39C92887ADBD}.Release|x64.Deploy.0 = Release|x64
		{1F06BCB3-1082-4F0E-887A-39C92887ADBD}.Release|x86.ActiveCfg = Release|x86
		{1F06BCB3-1082-4F0E-887A-39C92887ADBD}.Release|x86.Build.0 = Release|x86
		{1F06BCB3-1082-4F0E-887A-39C92887ADBD}.Release|x86.Deploy.0 = Release|x86
		{F11AF8F4-7953-4271-8021-F3355B55D896}.Ad-Hoc|Any CPU.ActiveCfg = Debug|Any CPU
		{F11AF8F4-7953-4271-8021-F3355B55D896}.Ad-Hoc|Any CPU.Build.0 = Debug|Any CPU
		{F11AF8F4-7953-4271-8021-F3355B55D896}.Ad-Hoc|Any CPU.Deploy.0 = Debug|Any CPU
		{F11AF8F4-7953-4271-8021-F3355B55D896}.Ad-Hoc|ARM.ActiveCfg = Debug|Any CPU
		{F11AF8F4-7953-4271-8021-F3355B55D896}.Ad-Hoc|ARM.Build.0 = Debug|Any CPU
		{F11AF8F4-7953-4271-8021-F3355B55D896}.Ad-Hoc|ARM.Deploy.0 = Debug|Any CPU
		{F11AF8F4-7953-4271-8021-F3355B55D896}.Ad-Hoc|iPhone.ActiveCfg = Debug|Any CPU
		{F11AF8F4-7953-4271-8021-F3355B55D896}.Ad-Hoc|iPhone.Build.0 = Debug|Any CPU
		{F11AF8F4-7953-4271-8021-F3355B55D896}.Ad-Hoc|iPhone.Deploy.0 = Debug|Any CPU
		{F11AF8F4-7953-4271-8021-F3355B55D896}.Ad-Hoc|iPhoneSimulator.ActiveCfg = Debug|Any CPU
		{F11AF8F4-7953-4271-8021-F3355B55D896}.Ad-Hoc|iPhoneSimulator.Build.0 = Debug|Any CPU
		{F11AF8F4-7953-4271-8021-F3355B55D896}.Ad-Hoc|iPhoneSimulator.Deploy.0 = Debug|Any CPU
		{F11AF8F4-7953-4271-8021-F3355B55D896}.Ad-Hoc|x64.ActiveCfg = Debug|Any CPU
		{F11AF8F4-7953-4271-8021-F3355B55D896}.Ad-Hoc|x64.Build.0 = Debug|Any CPU
		{F11AF8F4-7953-4271-8021-F3355B55D896}.Ad-Hoc|x64.Deploy.0 = Debug|Any CPU
		{F11AF8F4-7953-4271-8021-F3355B55D896}.Ad-Hoc|x86.ActiveCfg = Debug|Any CPU
		{F11AF8F4-7953-4271-8021-F3355B55D896}.Ad-Hoc|x86.Build.0 = Debug|Any CPU
		{F11AF8F4-7953-4271-8021-F3355B55D896}.Ad-Hoc|x86.Deploy.0 = Debug|Any CPU
		{F11AF8F4-7953-4271-8021-F3355B55D896}.AppStore|Any CPU.ActiveCfg = Debug|Any CPU
		{F11AF8F4-7953-4271-8021-F3355B55D896}.AppStore|Any CPU.Build.0 = Debug|Any CPU
		{F11AF8F4-7953-4271-8021-F3355B55D896}.AppStore|Any CPU.Deploy.0 = Debug|Any CPU
		{F11AF8F4-7953-4271-8021-F3355B55D896}.AppStore|ARM.ActiveCfg = Debug|Any CPU
		{F11AF8F4-7953-4271-8021-F3355B55D896}.AppStore|ARM.Build.0 = Debug|Any CPU
		{F11AF8F4-7953-4271-8021-F3355B55D896}.AppStore|ARM.Deploy.0 = Debug|Any CPU
		{F11AF8F4-7953-4271-8021-F3355B55D896}.AppStore|iPhone.ActiveCfg = Debug|Any CPU
		{F11AF8F4-7953-4271-8021-F3355B55D896}.AppStore|iPhone.Build.0 = Debug|Any CPU
		{F11AF8F4-7953-4271-8021-F3355B55D896}.AppStore|iPhone.Deploy.0 = Debug|Any CPU
		{F11AF8F4-7953-4271-8021-F3355B55D896}.AppStore|iPhoneSimulator.ActiveCfg = Debug|Any CPU
		{F11AF8F4-7953-4271-8021-F3355B55D896}.AppStore|iPhoneSimulator.Build.0 = Debug|Any CPU
		{F11AF8F4-7953-4271-8021-F3355B55D896}.AppStore|iPhoneSimulator.Deploy.0 = Debug|Any CPU
		{F11AF8F4-7953-4271-8021-F3355B55D896}.AppStore|x64.ActiveCfg = Debug|Any CPU
		{F11AF8F4-7953-4271-8021-F3355B55D896}.AppStore|x64.Build.0 = Debug|Any CPU
		{F11AF8F4-7953-4271-8021-F3355B55D896}.AppStore|x64.Deploy.0 = Debug|Any CPU
		{F11AF8F4-7953-4271-8021-F3355B55D896}.AppStore|x86.ActiveCfg = Debug|Any CPU
		{F11AF8F4-7953-4271-8021-F3355B55D896}.AppStore|x86.Build.0 = Debug|Any CPU
		{F11AF8F4-7953-4271-8021-F3355B55D896}.AppStore|x86.Deploy.0 = Debug|Any CPU
		{F11AF8F4-7953-4271-8021-F3355B55D896}.Debug|Any CPU.ActiveCfg = Debug|Any CPU
		{F11AF8F4-7953-4271-8021-F3355B55D896}.Debug|Any CPU.Build.0 = Debug|Any CPU
		{F11AF8F4-7953-4271-8021-F3355B55D896}.Debug|Any CPU.Deploy.0 = Debug|Any CPU
		{F11AF8F4-7953-4271-8021-F3355B55D896}.Debug|ARM.ActiveCfg = Debug|Any CPU
		{F11AF8F4-7953-4271-8021-F3355B55D896}.Debug|ARM.Build.0 = Debug|Any CPU
		{F11AF8F4-7953-4271-8021-F3355B55D896}.Debug|ARM.Deploy.0 = Debug|Any CPU
		{F11AF8F4-7953-4271-8021-F3355B55D896}.Debug|iPhone.ActiveCfg = Debug|Any CPU
		{F11AF8F4-7953-4271-8021-F3355B55D896}.Debug|iPhone.Build.0 = Debug|Any CPU
		{F11AF8F4-7953-4271-8021-F3355B55D896}.Debug|iPhone.Deploy.0 = Debug|Any CPU
		{F11AF8F4-7953-4271-8021-F3355B55D896}.Debug|iPhoneSimulator.ActiveCfg = Debug|Any CPU
		{F11AF8F4-7953-4271-8021-F3355B55D896}.Debug|iPhoneSimulator.Build.0 = Debug|Any CPU
		{F11AF8F4-7953-4271-8021-F3355B55D896}.Debug|iPhoneSimulator.Deploy.0 = Debug|Any CPU
		{F11AF8F4-7953-4271-8021-F3355B55D896}.Debug|x64.ActiveCfg = Debug|Any CPU
		{F11AF8F4-7953-4271-8021-F3355B55D896}.Debug|x64.Build.0 = Debug|Any CPU
		{F11AF8F4-7953-4271-8021-F3355B55D896}.Debug|x64.Deploy.0 = Debug|Any CPU
		{F11AF8F4-7953-4271-8021-F3355B55D896}.Debug|x86.ActiveCfg = Debug|Any CPU
		{F11AF8F4-7953-4271-8021-F3355B55D896}.Debug|x86.Build.0 = Debug|Any CPU
		{F11AF8F4-7953-4271-8021-F3355B55D896}.Debug|x86.Deploy.0 = Debug|Any CPU
		{F11AF8F4-7953-4271-8021-F3355B55D896}.Release|Any CPU.ActiveCfg = Release|Any CPU
		{F11AF8F4-7953-4271-8021-F3355B55D896}.Release|Any CPU.Build.0 = Release|Any CPU
		{F11AF8F4-7953-4271-8021-F3355B55D896}.Release|Any CPU.Deploy.0 = Release|Any CPU
		{F11AF8F4-7953-4271-8021-F3355B55D896}.Release|ARM.ActiveCfg = Release|Any CPU
		{F11AF8F4-7953-4271-8021-F3355B55D896}.Release|ARM.Build.0 = Release|Any CPU
		{F11AF8F4-7953-4271-8021-F3355B55D896}.Release|ARM.Deploy.0 = Release|Any CPU
		{F11AF8F4-7953-4271-8021-F3355B55D896}.Release|iPhone.ActiveCfg = Release|Any CPU
		{F11AF8F4-7953-4271-8021-F3355B55D896}.Release|iPhone.Build.0 = Release|Any CPU
		{F11AF8F4-7953-4271-8021-F3355B55D896}.Release|iPhone.Deploy.0 = Release|Any CPU
		{F11AF8F4-7953-4271-8021-F3355B55D896}.Release|iPhoneSimulator.ActiveCfg = Release|Any CPU
		{F11AF8F4-7953-4271-8021-F3355B55D896}.Release|iPhoneSimulator.Build.0 = Release|Any CPU
		{F11AF8F4-7953-4271-8021-F3355B55D896}.Release|iPhoneSimulator.Deploy.0 = Release|Any CPU
		{F11AF8F4-7953-4271-8021-F3355B55D896}.Release|x64.ActiveCfg = Release|Any CPU
		{F11AF8F4-7953-4271-8021-F3355B55D896}.Release|x64.Build.0 = Release|Any CPU
		{F11AF8F4-7953-4271-8021-F3355B55D896}.Release|x64.Deploy.0 = Release|Any CPU
		{F11AF8F4-7953-4271-8021-F3355B55D896}.Release|x86.ActiveCfg = Release|Any CPU
		{F11AF8F4-7953-4271-8021-F3355B55D896}.Release|x86.Build.0 = Release|Any CPU
		{F11AF8F4-7953-4271-8021-F3355B55D896}.Release|x86.Deploy.0 = Release|Any CPU
	EndGlobalSection
	GlobalSection(SolutionProperties) = preSolution
		HideSolutionNode = FALSE
	EndGlobalSection
	GlobalSection(ExtensibilityGlobals) = postSolution
		SolutionGuid = {41EE021E-00BE-4266-9473-CC5528CB3563}
	EndGlobalSection
EndGlobal
